PODS:
  - agent_dart (0.0.1):
    - Flutter
  - Flutter (1.0.0)
  - flutter_web_auth (0.3.0):
    - Flutter
  - url_launcher (0.0.1):
    - Flutter

DEPENDENCIES:
  - agent_dart (from `.symlinks/plugins/agent_dart/ios`)
  - Flutter (from `Flutter`)
  - flutter_web_auth (from `.symlinks/plugins/flutter_web_auth/ios`)
  - url_launcher (from `.symlinks/plugins/url_launcher/ios`)

EXTERNAL SOURCES:
  agent_dart:
    :path: ".symlinks/plugins/agent_dart/ios"
  Flutter:
    :path: Flutter
  flutter_web_auth:
    :path: ".symlinks/plugins/flutter_web_auth/ios"
  url_launcher:
    :path: ".symlinks/plugins/url_launcher/ios"

SPEC CHECKSUMS:
  agent_dart: dec5ad99b1ec6d945c64b41dc5b180165cc178b8
  Flutter: 434fef37c0980e73bb6479ef766c45957d4b510c
  flutter_web_auth: ede89bf8107b021cf16e769756d267d84d24e88b
  url_launcher: 6fef411d543ceb26efce54b05a0a40bfd74cbbef

PODFILE CHECKSUM: 9eac655c65daa615362f85efa6539b3517462a19

COCOAPODS: 1.10.0.rc.1
