PODS:
  - agent_dart (0.0.1):
    - Flutter
  - Flutter (1.0.0)

DEPENDENCIES:
  - agent_dart (from `.symlinks/plugins/agent_dart/ios`)
  - Flutter (from `Flutter`)

EXTERNAL SOURCES:
  agent_dart:
    :path: ".symlinks/plugins/agent_dart/ios"
  Flutter:
    :path: Flutter

SPEC CHECKSUMS:
  agent_dart: 8eb7e60941a45d1fd6a861bde1ce208e41956a0d
  Flutter: 434fef37c0980e73bb6479ef766c45957d4b510c

PODFILE CHECKSUM: aafe91acc616949ddb318b77800a7f51bffa2a4c

COCOAPODS: 1.10.0.rc.1
