PODS:
  - agent_dart (0.0.1):
    - FlutterMacOS
  - flutter_web_auth (0.3.0):
    - FlutterMacOS
  - FlutterMacOS (1.0.0)
  - url_launcher_macos (0.0.1):
    - FlutterMacOS

DEPENDENCIES:
  - agent_dart (from `Flutter/ephemeral/.symlinks/plugins/agent_dart/macos`)
  - flutter_web_auth (from `Flutter/ephemeral/.symlinks/plugins/flutter_web_auth/macos`)
  - FlutterMacOS (from `Flutter/ephemeral`)
  - url_launcher_macos (from `Flutter/ephemeral/.symlinks/plugins/url_launcher_macos/macos`)

EXTERNAL SOURCES:
  agent_dart:
    :path: Flutter/ephemeral/.symlinks/plugins/agent_dart/macos
  flutter_web_auth:
    :path: Flutter/ephemeral/.symlinks/plugins/flutter_web_auth/macos
  FlutterMacOS:
    :path: Flutter/ephemeral
  url_launcher_macos:
    :path: Flutter/ephemeral/.symlinks/plugins/url_launcher_macos/macos

SPEC CHECKSUMS:
  agent_dart: bc1e2332674efbbf626746efa6a0b0169fbdab2b
  flutter_web_auth: 9313580ed4eda5bfc281171cab902253aa1712da
  FlutterMacOS: 57701585bf7de1b3fc2bb61f6378d73bbdea8424
  url_launcher_macos: 45af3d61de06997666568a7149c1be98b41c95d4

PODFILE CHECKSUM: 6eac6b3292e5142cfc23bdeb71848a40ec51c14c

COCOAPODS: 1.10.0.rc.1
