PODS:
  - agent_dart (1.0.0):
    - FlutterMacOS
  - FlutterMacOS (1.0.0)
  - url_launcher_macos (0.0.1):
    - FlutterMacOS

DEPENDENCIES:
  - agent_dart (from `Flutter/ephemeral/.symlinks/plugins/agent_dart/macos`)
  - FlutterMacOS (from `Flutter/ephemeral`)
  - url_launcher_macos (from `Flutter/ephemeral/.symlinks/plugins/url_launcher_macos/macos`)

EXTERNAL SOURCES:
  agent_dart:
    :path: Flutter/ephemeral/.symlinks/plugins/agent_dart/macos
  FlutterMacOS:
    :path: Flutter/ephemeral
  url_launcher_macos:
    :path: Flutter/ephemeral/.symlinks/plugins/url_launcher_macos/macos

SPEC CHECKSUMS:
  agent_dart: baeff650d9d637f215d23b2f9ef9a9e5c34e7f42
  FlutterMacOS: 8f6f14fa908a6fb3fba0cd85dbd81ec4b251fb24
  url_launcher_macos: d2691c7dd33ed713bf3544850a623080ec693d95

PODFILE CHECKSUM: 94c13412ea7d37a22dbff0ae1c74b259b3120765

COCOAPODS: 1.12.1
