PODS:
  - agent_dart (1.0.0):
    - FlutterMacOS
  - FlutterMacOS (1.0.0)

DEPENDENCIES:
  - agent_dart (from `Flutter/ephemeral/.symlinks/plugins/agent_dart/macos`)
  - FlutterMacOS (from `Flutter/ephemeral`)

EXTERNAL SOURCES:
  agent_dart:
    :path: Flutter/ephemeral/.symlinks/plugins/agent_dart/macos
  FlutterMacOS:
    :path: Flutter/ephemeral

SPEC CHECKSUMS:
  agent_dart: c5f3c84df4c0bc1173e4d60ec5e0a3be7cb4c91d
  FlutterMacOS: 8f6f14fa908a6fb3fba0cd85dbd81ec4b251fb24

PODFILE CHECKSUM: 137ddf7b4dbe5a83427ebf04ae8dea674cfd87fa

COCOAPODS: 1.16.2
